
Microsoft Visual Studio Solution File, Format Version 12.00
Project("{FAE04EC0-301F-11D3-BF4B-00C04F79EFBC}") = "Samid.Api", "Samid.Api\Samid.Api.csproj", "{DECBB605-7789-45DE-B795-A235ECD972EE}"
EndProject
Project("{FAE04EC0-301F-11D3-BF4B-00C04F79EFBC}") = "Samid.Application", "Samid.Application\Samid.Application.csproj", "{CB0D553A-12DA-49A9-91FC-72DB009FC896}"
EndProject
Project("{FAE04EC0-301F-11D3-BF4B-00C04F79EFBC}") = "Samid.Domain", "Samid.Domain\Samid.Domain.csproj", "{AF0A2454-B761-4CB7-843E-51C8D0F99AB1}"
EndProject
Project("{FAE04EC0-301F-11D3-BF4B-00C04F79EFBC}") = "Samid.Infrastructure", "Samid.Infrastructure\Samid.Infrastructure.csproj", "{BD3FC278-835A-43C1-A24B-31491457B94B}"
EndProject
Global
	GlobalSection(SolutionConfigurationPlatforms) = preSolution
		Debug|Any CPU = Debug|Any CPU
		Release|Any CPU = Release|Any CPU
	EndGlobalSection
	GlobalSection(ProjectConfigurationPlatforms) = postSolution
		{DECBB605-7789-45DE-B795-A235ECD972EE}.Debug|Any CPU.ActiveCfg = Debug|Any CPU
		{DECBB605-7789-45DE-B795-A235ECD972EE}.Debug|Any CPU.Build.0 = Debug|Any CPU
		{DECBB605-7789-45DE-B795-A235ECD972EE}.Release|Any CPU.ActiveCfg = Release|Any CPU
		{DECBB605-7789-45DE-B795-A235ECD972EE}.Release|Any CPU.Build.0 = Release|Any CPU
		{CB0D553A-12DA-49A9-91FC-72DB009FC896}.Debug|Any CPU.ActiveCfg = Debug|Any CPU
		{CB0D553A-12DA-49A9-91FC-72DB009FC896}.Debug|Any CPU.Build.0 = Debug|Any CPU
		{CB0D553A-12DA-49A9-91FC-72DB009FC896}.Release|Any CPU.ActiveCfg = Release|Any CPU
		{CB0D553A-12DA-49A9-91FC-72DB009FC896}.Release|Any CPU.Build.0 = Release|Any CPU
		{AF0A2454-B761-4CB7-843E-51C8D0F99AB1}.Debug|Any CPU.ActiveCfg = Debug|Any CPU
		{AF0A2454-B761-4CB7-843E-51C8D0F99AB1}.Debug|Any CPU.Build.0 = Debug|Any CPU
		{AF0A2454-B761-4CB7-843E-51C8D0F99AB1}.Release|Any CPU.ActiveCfg = Release|Any CPU
		{AF0A2454-B761-4CB7-843E-51C8D0F99AB1}.Release|Any CPU.Build.0 = Release|Any CPU
		{BD3FC278-835A-43C1-A24B-31491457B94B}.Debug|Any CPU.ActiveCfg = Debug|Any CPU
		{BD3FC278-835A-43C1-A24B-31491457B94B}.Debug|Any CPU.Build.0 = Debug|Any CPU
		{BD3FC278-835A-43C1-A24B-31491457B94B}.Release|Any CPU.ActiveCfg = Release|Any CPU
		{BD3FC278-835A-43C1-A24B-31491457B94B}.Release|Any CPU.Build.0 = Release|Any CPU
	EndGlobalSection
EndGlobal
